
Microsoft Visual Studio Solution File, Format Version 12.00
# Visual Studio Version 17
VisualStudioVersion = 17.13.35931.197 d17.13
MinimumVisualStudioVersion = 10.0.40219.1
Project("{FAE04EC0-301F-11D3-BF4B-00C04F79EFBC}") = "task", "task\task.csproj", "{075826BA-CDA8-46AA-940E-485CDB096D0A}"
EndProject
Global
	GlobalSection(SolutionConfigurationPlatforms) = preSolution
		Debug|Any CPU = Debug|Any CPU
		Release|Any CPU = Release|Any CPU
	EndGlobalSection
	GlobalSection(ProjectConfigurationPlatforms) = postSolution
		{075826BA-CDA8-46AA-940E-485CDB096D0A}.Debug|Any CPU.ActiveCfg = Debug|Any CPU
		{075826BA-CDA8-46AA-940E-485CDB096D0A}.Debug|Any CPU.Build.0 = Debug|Any CPU
		{075826BA-CDA8-46AA-940E-485CDB096D0A}.Release|Any CPU.ActiveCfg = Release|Any CPU
		{075826BA-CDA8-46AA-940E-485CDB096D0A}.Release|Any CPU.Build.0 = Release|Any CPU
	EndGlobalSection
	GlobalSection(SolutionProperties) = preSolution
		HideSolutionNode = FALSE
	EndGlobalSection
	GlobalSection(ExtensibilityGlobals) = postSolution
		SolutionGuid = {19D2D274-EC74-44D5-85B1-31E35E1525C5}
	EndGlobalSection
EndGlobal
