
Microsoft Visual Studio Solution File, Format Version 12.00
# Visual Studio Version 17
VisualStudioVersion = 17.14.36414.22
MinimumVisualStudioVersion = 10.0.40219.1
Project("{FAE04EC0-301F-11D3-BF4B-00C04F79EFBC}") = "CompanyProjectPL", "CompanyProjectPL\CompanyProjectPL.csproj", "{0F3C9A74-9A80-4819-8239-A5CA752231A0}"
EndProject
Project("{FAE04EC0-301F-11D3-BF4B-00C04F79EFBC}") = "CompanyProjectBLL", "CompanyBLL\CompanyProjectBLL.csproj", "{4E503AD8-0A6F-4A1A-B101-0586D35E5631}"
EndProject
Project("{FAE04EC0-301F-11D3-BF4B-00C04F79EFBC}") = "CompanyProjectDAL", "CompanyProjectDAL\CompanyProjectDAL.csproj", "{82ADAEFA-6757-40A8-9C41-80AC8C74B0DF}"
EndProject
Global
	GlobalSection(SolutionConfigurationPlatforms) = preSolution
		Debug|Any CPU = Debug|Any CPU
		Release|Any CPU = Release|Any CPU
	EndGlobalSection
	GlobalSection(ProjectConfigurationPlatforms) = postSolution
		{0F3C9A74-9A80-4819-8239-A5CA752231A0}.Debug|Any CPU.ActiveCfg = Debug|Any CPU
		{0F3C9A74-9A80-4819-8239-A5CA752231A0}.Debug|Any CPU.Build.0 = Debug|Any CPU
		{0F3C9A74-9A80-4819-8239-A5CA752231A0}.Release|Any CPU.ActiveCfg = Release|Any CPU
		{0F3C9A74-9A80-4819-8239-A5CA752231A0}.Release|Any CPU.Build.0 = Release|Any CPU
		{4E503AD8-0A6F-4A1A-B101-0586D35E5631}.Debug|Any CPU.ActiveCfg = Debug|Any CPU
		{4E503AD8-0A6F-4A1A-B101-0586D35E5631}.Debug|Any CPU.Build.0 = Debug|Any CPU
		{4E503AD8-0A6F-4A1A-B101-0586D35E5631}.Release|Any CPU.ActiveCfg = Release|Any CPU
		{4E503AD8-0A6F-4A1A-B101-0586D35E5631}.Release|Any CPU.Build.0 = Release|Any CPU
		{82ADAEFA-6757-40A8-9C41-80AC8C74B0DF}.Debug|Any CPU.ActiveCfg = Debug|Any CPU
		{82ADAEFA-6757-40A8-9C41-80AC8C74B0DF}.Debug|Any CPU.Build.0 = Debug|Any CPU
		{82ADAEFA-6757-40A8-9C41-80AC8C74B0DF}.Release|Any CPU.ActiveCfg = Release|Any CPU
		{82ADAEFA-6757-40A8-9C41-80AC8C74B0DF}.Release|Any CPU.Build.0 = Release|Any CPU
	EndGlobalSection
	GlobalSection(SolutionProperties) = preSolution
		HideSolutionNode = FALSE
	EndGlobalSection
	GlobalSection(ExtensibilityGlobals) = postSolution
		SolutionGuid = {BB95BDA4-6485-42F3-93A5-DC51342AF641}
	EndGlobalSection
EndGlobal
