
Microsoft Visual Studio Solution File, Format Version 12.00
# Visual Studio Version 17
VisualStudioVersion = 17.14.36414.22 d17.14
MinimumVisualStudioVersion = 10.0.40219.1
Project("{FAE04EC0-301F-11D3-BF4B-00C04F79EFBC}") = "DatabaseFirst", "DatabaseFirst\DatabaseFirst.csproj", "{4CBDFD00-8C2A-4073-85F9-EB146912CBE5}"
EndProject
Global
	GlobalSection(SolutionConfigurationPlatforms) = preSolution
		Debug|Any CPU = Debug|Any CPU
		Release|Any CPU = Release|Any CPU
	EndGlobalSection
	GlobalSection(ProjectConfigurationPlatforms) = postSolution
		{4CBDFD00-8C2A-4073-85F9-EB146912CBE5}.Debug|Any CPU.ActiveCfg = Debug|Any CPU
		{4CBDFD00-8C2A-4073-85F9-EB146912CBE5}.Debug|Any CPU.Build.0 = Debug|Any CPU
		{4CBDFD00-8C2A-4073-85F9-EB146912CBE5}.Release|Any CPU.ActiveCfg = Release|Any CPU
		{4CBDFD00-8C2A-4073-85F9-EB146912CBE5}.Release|Any CPU.Build.0 = Release|Any CPU
	EndGlobalSection
	GlobalSection(SolutionProperties) = preSolution
		HideSolutionNode = FALSE
	EndGlobalSection
	GlobalSection(ExtensibilityGlobals) = postSolution
		SolutionGuid = {CBC1C3BA-7EFF-4CAD-A9B0-8AD0AF53FC00}
	EndGlobalSection
EndGlobal
