
Microsoft Visual Studio Solution File, Format Version 12.00
# Visual Studio Version 17
VisualStudioVersion = 17.13.35931.197 d17.13
MinimumVisualStudioVersion = 10.0.40219.1
Project("{FAE04EC0-301F-11D3-BF4B-00C04F79EFBC}") = "assignment5", "assignment5\assignment5.csproj", "{16FC41FD-EDA9-4825-8992-B44E9DDA7316}"
EndProject
Global
	GlobalSection(SolutionConfigurationPlatforms) = preSolution
		Debug|Any CPU = Debug|Any CPU
		Release|Any CPU = Release|Any CPU
	EndGlobalSection
	GlobalSection(ProjectConfigurationPlatforms) = postSolution
		{16FC41FD-EDA9-4825-8992-B44E9DDA7316}.Debug|Any CPU.ActiveCfg = Debug|Any CPU
		{16FC41FD-EDA9-4825-8992-B44E9DDA7316}.Debug|Any CPU.Build.0 = Debug|Any CPU
		{16FC41FD-EDA9-4825-8992-B44E9DDA7316}.Release|Any CPU.ActiveCfg = Release|Any CPU
		{16FC41FD-EDA9-4825-8992-B44E9DDA7316}.Release|Any CPU.Build.0 = Release|Any CPU
	EndGlobalSection
	GlobalSection(SolutionProperties) = preSolution
		HideSolutionNode = FALSE
	EndGlobalSection
	GlobalSection(ExtensibilityGlobals) = postSolution
		SolutionGuid = {D6CD0A14-EE81-4607-A866-7704418338C6}
	EndGlobalSection
EndGlobal
