
Microsoft Visual Studio Solution File, Format Version 12.00
# Visual Studio Version 17
VisualStudioVersion = 17.13.35931.197 d17.13
MinimumVisualStudioVersion = 10.0.40219.1
Project("{FAE04EC0-301F-11D3-BF4B-00C04F79EFBC}") = "assignment6", "assignment6\assignment6.csproj", "{F33825A7-1A6E-4E5E-8B32-95C4C0ACFE37}"
EndProject
Global
	GlobalSection(SolutionConfigurationPlatforms) = preSolution
		Debug|Any CPU = Debug|Any CPU
		Release|Any CPU = Release|Any CPU
	EndGlobalSection
	GlobalSection(ProjectConfigurationPlatforms) = postSolution
		{F33825A7-1A6E-4E5E-8B32-95C4C0ACFE37}.Debug|Any CPU.ActiveCfg = Debug|Any CPU
		{F33825A7-1A6E-4E5E-8B32-95C4C0ACFE37}.Debug|Any CPU.Build.0 = Debug|Any CPU
		{F33825A7-1A6E-4E5E-8B32-95C4C0ACFE37}.Release|Any CPU.ActiveCfg = Release|Any CPU
		{F33825A7-1A6E-4E5E-8B32-95C4C0ACFE37}.Release|Any CPU.Build.0 = Release|Any CPU
	EndGlobalSection
	GlobalSection(SolutionProperties) = preSolution
		HideSolutionNode = FALSE
	EndGlobalSection
	GlobalSection(ExtensibilityGlobals) = postSolution
		SolutionGuid = {124599A2-E3C8-46AF-8484-0635E76FE369}
	EndGlobalSection
EndGlobal
