
Microsoft Visual Studio Solution File, Format Version 12.00
# Visual Studio Version 17
VisualStudioVersion = 17.14.36414.22
MinimumVisualStudioVersion = 10.0.40219.1
Project("{FAE04EC0-301F-11D3-BF4B-00C04F79EFBC}") = "LINQSession1", "LINQSession1\LINQSession1.csproj", "{D96A892F-CD9E-43E7-876E-47742BB8F8DC}"
EndProject
Project("{FAE04EC0-301F-11D3-BF4B-00C04F79EFBC}") = "Assignment", "Assignment\Assignment.csproj", "{66BE5FFD-F310-4591-B10B-512D41F4C259}"
EndProject
Global
	GlobalSection(SolutionConfigurationPlatforms) = preSolution
		Debug|Any CPU = Debug|Any CPU
		Release|Any CPU = Release|Any CPU
	EndGlobalSection
	GlobalSection(ProjectConfigurationPlatforms) = postSolution
		{D96A892F-CD9E-43E7-876E-47742BB8F8DC}.Debug|Any CPU.ActiveCfg = Debug|Any CPU
		{D96A892F-CD9E-43E7-876E-47742BB8F8DC}.Debug|Any CPU.Build.0 = Debug|Any CPU
		{D96A892F-CD9E-43E7-876E-47742BB8F8DC}.Release|Any CPU.ActiveCfg = Release|Any CPU
		{D96A892F-CD9E-43E7-876E-47742BB8F8DC}.Release|Any CPU.Build.0 = Release|Any CPU
		{66BE5FFD-F310-4591-B10B-512D41F4C259}.Debug|Any CPU.ActiveCfg = Debug|Any CPU
		{66BE5FFD-F310-4591-B10B-512D41F4C259}.Debug|Any CPU.Build.0 = Debug|Any CPU
		{66BE5FFD-F310-4591-B10B-512D41F4C259}.Release|Any CPU.ActiveCfg = Release|Any CPU
		{66BE5FFD-F310-4591-B10B-512D41F4C259}.Release|Any CPU.Build.0 = Release|Any CPU
	EndGlobalSection
	GlobalSection(SolutionProperties) = preSolution
		HideSolutionNode = FALSE
	EndGlobalSection
	GlobalSection(ExtensibilityGlobals) = postSolution
		SolutionGuid = {AF3DC1BD-C5C7-4B36-91A2-408A9DA6F2D2}
	EndGlobalSection
EndGlobal
